lockfileVersion: 5.4

specifiers:
  '@dcloudio/types': ^3.0.3
  '@vue/tsconfig': ^0.1.3
  typescript: ^4.7.3

devDependencies:
  '@dcloudio/types': 3.0.3
  '@vue/tsconfig': 0.1.3
  typescript: 4.7.3

packages:

  /@dcloudio/types/3.0.3:
    resolution: {integrity: sha512-9Dq7uT+Qe0RBzo9cuXSY6hu8MrINADa7FGM4P2gEPCMwIwgcqL4VO33rAbdo5pSSMok3ucHvGhLLY473CBvbMA==}
    dev: true

  /@vue/tsconfig/0.1.3:
    resolution: {integrity: sha512-kQVsh8yyWPvHpb8gIc9l/HIDiiVUy1amynLNpCy8p+FoCiZXCo6fQos5/097MmnNZc9AtseDsCrfkhqCrJ8Olg==}
    peerDependencies:
      '@types/node': '*'
    peerDependenciesMeta:
      '@types/node':
        optional: true
    dev: true

  /typescript/4.7.3:
    resolution: {integrity: sha512-WOkT3XYvrpXx4vMMqlD+8R8R37fZkjyLGlxavMc4iB8lrl8L0DeTcHbYgw/v0N/z9wAFsgBhcsF0ruoySS22mA==}
    engines: {node: '>=4.2.0'}
    hasBin: true
    dev: true
